
Microsoft Visual Studio Solution File, Format Version 12.00
# Visual Studio 15
VisualStudioVersion = 15.0.28307.757
MinimumVisualStudioVersion = 10.0.40219.1
Project("{8BC9CEB8-8B4A-11D0-8D11-00A0C91BC942}") = "00_Client", "Client\Client.vcxproj", "{A74368D1-4E6F-4EBA-BE82-9609E9009E88}"
EndProject
Project("{8BC9CEB8-8B4A-11D0-8D11-00A0C91BC942}") = "03_UDPClient", "03_UDPClient\03_UDPClient.vcxproj", "{ECAD6390-3BD2-45C6-88B7-8AC2DF7891FE}"
EndProject
Project("{2150E333-8FDC-42A3-9474-1A3956D46DE8}") = "_test", "_test", "{08902EE0-92C1-46DE-8518-6BAC7D3A4915}"
EndProject
Project("{8BC9CEB8-8B4A-11D0-8D11-00A0C91BC942}") = "TicTacToe", "TicTacToe\TicTacToe.vcxproj", "{391113FD-0F42-4391-AF93-016C7CB83BD0}"
EndProject
Project("{2150E333-8FDC-42A3-9474-1A3956D46DE8}") = "_Book", "_Book", "{AB62956F-7DE0-4E32-8EF6-4A8F1D0C5268}"
EndProject
Project("{2150E333-8FDC-42A3-9474-1A3956D46DE8}") = "CurrentWork", "CurrentWork", "{37B33D8E-E817-4B43-9053-7E85DCB8CE38}"
EndProject
Project("{8BC9CEB8-8B4A-11D0-8D11-00A0C91BC942}") = "PracticeClient", "PracticeClient\PracticeClient.vcxproj", "{9C831EF0-C9EA-4B09-92E9-A9962CD28AA2}"
EndProject
Global
	GlobalSection(SolutionConfigurationPlatforms) = preSolution
		Debug|x64 = Debug|x64
		Debug|x86 = Debug|x86
		Release|x64 = Release|x64
		Release|x86 = Release|x86
	EndGlobalSection
	GlobalSection(ProjectConfigurationPlatforms) = postSolution
		{A74368D1-4E6F-4EBA-BE82-9609E9009E88}.Debug|x64.ActiveCfg = Debug|x64
		{A74368D1-4E6F-4EBA-BE82-9609E9009E88}.Debug|x64.Build.0 = Debug|x64
		{A74368D1-4E6F-4EBA-BE82-9609E9009E88}.Debug|x86.ActiveCfg = Debug|Win32
		{A74368D1-4E6F-4EBA-BE82-9609E9009E88}.Debug|x86.Build.0 = Debug|Win32
		{A74368D1-4E6F-4EBA-BE82-9609E9009E88}.Release|x64.ActiveCfg = Release|x64
		{A74368D1-4E6F-4EBA-BE82-9609E9009E88}.Release|x64.Build.0 = Release|x64
		{A74368D1-4E6F-4EBA-BE82-9609E9009E88}.Release|x86.ActiveCfg = Release|Win32
		{A74368D1-4E6F-4EBA-BE82-9609E9009E88}.Release|x86.Build.0 = Release|Win32
		{ECAD6390-3BD2-45C6-88B7-8AC2DF7891FE}.Debug|x64.ActiveCfg = Debug|x64
		{ECAD6390-3BD2-45C6-88B7-8AC2DF7891FE}.Debug|x64.Build.0 = Debug|x64
		{ECAD6390-3BD2-45C6-88B7-8AC2DF7891FE}.Debug|x86.ActiveCfg = Debug|Win32
		{ECAD6390-3BD2-45C6-88B7-8AC2DF7891FE}.Debug|x86.Build.0 = Debug|Win32
		{ECAD6390-3BD2-45C6-88B7-8AC2DF7891FE}.Release|x64.ActiveCfg = Release|x64
		{ECAD6390-3BD2-45C6-88B7-8AC2DF7891FE}.Release|x64.Build.0 = Release|x64
		{ECAD6390-3BD2-45C6-88B7-8AC2DF7891FE}.Release|x86.ActiveCfg = Release|Win32
		{ECAD6390-3BD2-45C6-88B7-8AC2DF7891FE}.Release|x86.Build.0 = Release|Win32
		{391113FD-0F42-4391-AF93-016C7CB83BD0}.Debug|x64.ActiveCfg = Debug|x64
		{391113FD-0F42-4391-AF93-016C7CB83BD0}.Debug|x64.Build.0 = Debug|x64
		{391113FD-0F42-4391-AF93-016C7CB83BD0}.Debug|x86.ActiveCfg = Debug|Win32
		{391113FD-0F42-4391-AF93-016C7CB83BD0}.Debug|x86.Build.0 = Debug|Win32
		{391113FD-0F42-4391-AF93-016C7CB83BD0}.Release|x64.ActiveCfg = Release|x64
		{391113FD-0F42-4391-AF93-016C7CB83BD0}.Release|x64.Build.0 = Release|x64
		{391113FD-0F42-4391-AF93-016C7CB83BD0}.Release|x86.ActiveCfg = Release|Win32
		{391113FD-0F42-4391-AF93-016C7CB83BD0}.Release|x86.Build.0 = Release|Win32
		{9C831EF0-C9EA-4B09-92E9-A9962CD28AA2}.Debug|x64.ActiveCfg = Debug|x64
		{9C831EF0-C9EA-4B09-92E9-A9962CD28AA2}.Debug|x64.Build.0 = Debug|x64
		{9C831EF0-C9EA-4B09-92E9-A9962CD28AA2}.Debug|x86.ActiveCfg = Debug|Win32
		{9C831EF0-C9EA-4B09-92E9-A9962CD28AA2}.Debug|x86.Build.0 = Debug|Win32
		{9C831EF0-C9EA-4B09-92E9-A9962CD28AA2}.Release|x64.ActiveCfg = Release|x64
		{9C831EF0-C9EA-4B09-92E9-A9962CD28AA2}.Release|x64.Build.0 = Release|x64
		{9C831EF0-C9EA-4B09-92E9-A9962CD28AA2}.Release|x86.ActiveCfg = Release|Win32
		{9C831EF0-C9EA-4B09-92E9-A9962CD28AA2}.Release|x86.Build.0 = Release|Win32
	EndGlobalSection
	GlobalSection(SolutionProperties) = preSolution
		HideSolutionNode = FALSE
	EndGlobalSection
	GlobalSection(NestedProjects) = preSolution
		{A74368D1-4E6F-4EBA-BE82-9609E9009E88} = {AB62956F-7DE0-4E32-8EF6-4A8F1D0C5268}
		{ECAD6390-3BD2-45C6-88B7-8AC2DF7891FE} = {AB62956F-7DE0-4E32-8EF6-4A8F1D0C5268}
		{391113FD-0F42-4391-AF93-016C7CB83BD0} = {08902EE0-92C1-46DE-8518-6BAC7D3A4915}
		{9C831EF0-C9EA-4B09-92E9-A9962CD28AA2} = {37B33D8E-E817-4B43-9053-7E85DCB8CE38}
	EndGlobalSection
	GlobalSection(ExtensibilityGlobals) = postSolution
		SolutionGuid = {67D1EF3A-005B-4EBA-AB5A-8674147C9BB5}
	EndGlobalSection
EndGlobal
