
Microsoft Visual Studio Solution File, Format Version 12.00
# Visual Studio 15
VisualStudioVersion = 15.0.28307.757
MinimumVisualStudioVersion = 10.0.40219.1
Project("{8BC9CEB8-8B4A-11D0-8D11-00A0C91BC942}") = "00_Server", "Server\Server.vcxproj", "{153033F3-CC86-4D45-83F1-CB131C7D66F3}"
EndProject
Project("{8BC9CEB8-8B4A-11D0-8D11-00A0C91BC942}") = "01_MultithreadTCPServer", "MultithreadTCPServer\MultithreadTCPServer.vcxproj", "{4C327F59-07CB-4222-952F-EEDD8136AA17}"
EndProject
Project("{8BC9CEB8-8B4A-11D0-8D11-00A0C91BC942}") = "02_ExEvent", "02_ExEvent\02_ExEvent.vcxproj", "{B2C7D449-C5F5-40D0-90D5-F171597973F9}"
EndProject
Project("{8BC9CEB8-8B4A-11D0-8D11-00A0C91BC942}") = "03_UDPServer", "03_UDPServer\03_UDPServer.vcxproj", "{D4053736-0FEC-483E-A877-1B12F56255EF}"
EndProject
Project("{8BC9CEB8-8B4A-11D0-8D11-00A0C91BC942}") = "04_NonBlockTCPServer", "04_NonBlockTCPServer\04_NonBlockTCPServer.vcxproj", "{DACF6D41-AF82-4D6A-A843-B9BCF15A2E32}"
EndProject
Project("{8BC9CEB8-8B4A-11D0-8D11-00A0C91BC942}") = "05_AsyncSelectTCPServer", "05_AsyncSelectTCPServer\05_AsyncSelectTCPServer.vcxproj", "{56F69BC4-62FF-4BEF-8B60-6E063A5DE5EA}"
EndProject
Project("{2150E333-8FDC-42A3-9474-1A3956D46DE8}") = "Book", "Book", "{A31CD5C9-06FD-492E-9B97-C8DB7E986C95}"
EndProject
Project("{2150E333-8FDC-42A3-9474-1A3956D46DE8}") = "CurrentWork", "CurrentWork", "{EFB71728-67FF-464C-9805-1D9DEB08321F}"
EndProject
Project("{8BC9CEB8-8B4A-11D0-8D11-00A0C91BC942}") = "PracticeServer", "Practice\Practice.vcxproj", "{0CD5417D-0ACB-40D0-A553-E4E2D9890614}"
EndProject
Project("{2150E333-8FDC-42A3-9474-1A3956D46DE8}") = "AWS", "AWS", "{7B288539-2B2B-4CB4-9425-12D3D31EE58C}"
EndProject
Project("{2150E333-8FDC-42A3-9474-1A3956D46DE8}") = "Overlapped_MODEL2", "Overlapped_MODEL2", "{5FFD6547-9BA1-4C7E-A17B-E6F60B3838F4}"
EndProject
Project("{8BC9CEB8-8B4A-11D0-8D11-00A0C91BC942}") = "OverlappedTCPServer2", "OverlappedTCPServer2\OverlappedTCPServer2.vcxproj", "{BDD78036-D6C5-4399-BBB7-CF83D0239684}"
EndProject
Project("{2150E333-8FDC-42A3-9474-1A3956D46DE8}") = "CompletionPort", "CompletionPort", "{CAF56B2C-CED4-4096-A3E4-7C9E35F45F84}"
EndProject
Project("{8BC9CEB8-8B4A-11D0-8D11-00A0C91BC942}") = "CompletionPort", "CompletionPort\CompletionPort.vcxproj", "{A15F5277-B773-489B-AAE1-084DB709F963}"
EndProject
Global
	GlobalSection(SolutionConfigurationPlatforms) = preSolution
		Debug|x64 = Debug|x64
		Debug|x86 = Debug|x86
		Release|x64 = Release|x64
		Release|x86 = Release|x86
	EndGlobalSection
	GlobalSection(ProjectConfigurationPlatforms) = postSolution
		{153033F3-CC86-4D45-83F1-CB131C7D66F3}.Debug|x64.ActiveCfg = Debug|x64
		{153033F3-CC86-4D45-83F1-CB131C7D66F3}.Debug|x64.Build.0 = Debug|x64
		{153033F3-CC86-4D45-83F1-CB131C7D66F3}.Debug|x86.ActiveCfg = Debug|Win32
		{153033F3-CC86-4D45-83F1-CB131C7D66F3}.Debug|x86.Build.0 = Debug|Win32
		{153033F3-CC86-4D45-83F1-CB131C7D66F3}.Release|x64.ActiveCfg = Release|x64
		{153033F3-CC86-4D45-83F1-CB131C7D66F3}.Release|x64.Build.0 = Release|x64
		{153033F3-CC86-4D45-83F1-CB131C7D66F3}.Release|x86.ActiveCfg = Release|Win32
		{153033F3-CC86-4D45-83F1-CB131C7D66F3}.Release|x86.Build.0 = Release|Win32
		{4C327F59-07CB-4222-952F-EEDD8136AA17}.Debug|x64.ActiveCfg = Debug|x64
		{4C327F59-07CB-4222-952F-EEDD8136AA17}.Debug|x64.Build.0 = Debug|x64
		{4C327F59-07CB-4222-952F-EEDD8136AA17}.Debug|x86.ActiveCfg = Debug|Win32
		{4C327F59-07CB-4222-952F-EEDD8136AA17}.Debug|x86.Build.0 = Debug|Win32
		{4C327F59-07CB-4222-952F-EEDD8136AA17}.Release|x64.ActiveCfg = Release|x64
		{4C327F59-07CB-4222-952F-EEDD8136AA17}.Release|x64.Build.0 = Release|x64
		{4C327F59-07CB-4222-952F-EEDD8136AA17}.Release|x86.ActiveCfg = Release|Win32
		{4C327F59-07CB-4222-952F-EEDD8136AA17}.Release|x86.Build.0 = Release|Win32
		{B2C7D449-C5F5-40D0-90D5-F171597973F9}.Debug|x64.ActiveCfg = Debug|x64
		{B2C7D449-C5F5-40D0-90D5-F171597973F9}.Debug|x64.Build.0 = Debug|x64
		{B2C7D449-C5F5-40D0-90D5-F171597973F9}.Debug|x86.ActiveCfg = Debug|Win32
		{B2C7D449-C5F5-40D0-90D5-F171597973F9}.Debug|x86.Build.0 = Debug|Win32
		{B2C7D449-C5F5-40D0-90D5-F171597973F9}.Release|x64.ActiveCfg = Release|x64
		{B2C7D449-C5F5-40D0-90D5-F171597973F9}.Release|x64.Build.0 = Release|x64
		{B2C7D449-C5F5-40D0-90D5-F171597973F9}.Release|x86.ActiveCfg = Release|Win32
		{B2C7D449-C5F5-40D0-90D5-F171597973F9}.Release|x86.Build.0 = Release|Win32
		{D4053736-0FEC-483E-A877-1B12F56255EF}.Debug|x64.ActiveCfg = Debug|x64
		{D4053736-0FEC-483E-A877-1B12F56255EF}.Debug|x64.Build.0 = Debug|x64
		{D4053736-0FEC-483E-A877-1B12F56255EF}.Debug|x86.ActiveCfg = Debug|Win32
		{D4053736-0FEC-483E-A877-1B12F56255EF}.Debug|x86.Build.0 = Debug|Win32
		{D4053736-0FEC-483E-A877-1B12F56255EF}.Release|x64.ActiveCfg = Release|x64
		{D4053736-0FEC-483E-A877-1B12F56255EF}.Release|x64.Build.0 = Release|x64
		{D4053736-0FEC-483E-A877-1B12F56255EF}.Release|x86.ActiveCfg = Release|Win32
		{D4053736-0FEC-483E-A877-1B12F56255EF}.Release|x86.Build.0 = Release|Win32
		{DACF6D41-AF82-4D6A-A843-B9BCF15A2E32}.Debug|x64.ActiveCfg = Debug|x64
		{DACF6D41-AF82-4D6A-A843-B9BCF15A2E32}.Debug|x64.Build.0 = Debug|x64
		{DACF6D41-AF82-4D6A-A843-B9BCF15A2E32}.Debug|x86.ActiveCfg = Debug|Win32
		{DACF6D41-AF82-4D6A-A843-B9BCF15A2E32}.Debug|x86.Build.0 = Debug|Win32
		{DACF6D41-AF82-4D6A-A843-B9BCF15A2E32}.Release|x64.ActiveCfg = Release|x64
		{DACF6D41-AF82-4D6A-A843-B9BCF15A2E32}.Release|x64.Build.0 = Release|x64
		{DACF6D41-AF82-4D6A-A843-B9BCF15A2E32}.Release|x86.ActiveCfg = Release|Win32
		{DACF6D41-AF82-4D6A-A843-B9BCF15A2E32}.Release|x86.Build.0 = Release|Win32
		{56F69BC4-62FF-4BEF-8B60-6E063A5DE5EA}.Debug|x64.ActiveCfg = Debug|x64
		{56F69BC4-62FF-4BEF-8B60-6E063A5DE5EA}.Debug|x64.Build.0 = Debug|x64
		{56F69BC4-62FF-4BEF-8B60-6E063A5DE5EA}.Debug|x86.ActiveCfg = Debug|Win32
		{56F69BC4-62FF-4BEF-8B60-6E063A5DE5EA}.Debug|x86.Build.0 = Debug|Win32
		{56F69BC4-62FF-4BEF-8B60-6E063A5DE5EA}.Release|x64.ActiveCfg = Release|x64
		{56F69BC4-62FF-4BEF-8B60-6E063A5DE5EA}.Release|x64.Build.0 = Release|x64
		{56F69BC4-62FF-4BEF-8B60-6E063A5DE5EA}.Release|x86.ActiveCfg = Release|Win32
		{56F69BC4-62FF-4BEF-8B60-6E063A5DE5EA}.Release|x86.Build.0 = Release|Win32
		{0CD5417D-0ACB-40D0-A553-E4E2D9890614}.Debug|x64.ActiveCfg = Debug|x64
		{0CD5417D-0ACB-40D0-A553-E4E2D9890614}.Debug|x64.Build.0 = Debug|x64
		{0CD5417D-0ACB-40D0-A553-E4E2D9890614}.Debug|x86.ActiveCfg = Debug|Win32
		{0CD5417D-0ACB-40D0-A553-E4E2D9890614}.Debug|x86.Build.0 = Debug|Win32
		{0CD5417D-0ACB-40D0-A553-E4E2D9890614}.Release|x64.ActiveCfg = Release|x64
		{0CD5417D-0ACB-40D0-A553-E4E2D9890614}.Release|x64.Build.0 = Release|x64
		{0CD5417D-0ACB-40D0-A553-E4E2D9890614}.Release|x86.ActiveCfg = Release|Win32
		{0CD5417D-0ACB-40D0-A553-E4E2D9890614}.Release|x86.Build.0 = Release|Win32
		{BDD78036-D6C5-4399-BBB7-CF83D0239684}.Debug|x64.ActiveCfg = Debug|x64
		{BDD78036-D6C5-4399-BBB7-CF83D0239684}.Debug|x64.Build.0 = Debug|x64
		{BDD78036-D6C5-4399-BBB7-CF83D0239684}.Debug|x86.ActiveCfg = Debug|Win32
		{BDD78036-D6C5-4399-BBB7-CF83D0239684}.Debug|x86.Build.0 = Debug|Win32
		{BDD78036-D6C5-4399-BBB7-CF83D0239684}.Release|x64.ActiveCfg = Release|x64
		{BDD78036-D6C5-4399-BBB7-CF83D0239684}.Release|x64.Build.0 = Release|x64
		{BDD78036-D6C5-4399-BBB7-CF83D0239684}.Release|x86.ActiveCfg = Release|Win32
		{BDD78036-D6C5-4399-BBB7-CF83D0239684}.Release|x86.Build.0 = Release|Win32
		{A15F5277-B773-489B-AAE1-084DB709F963}.Debug|x64.ActiveCfg = Debug|x64
		{A15F5277-B773-489B-AAE1-084DB709F963}.Debug|x64.Build.0 = Debug|x64
		{A15F5277-B773-489B-AAE1-084DB709F963}.Debug|x86.ActiveCfg = Debug|Win32
		{A15F5277-B773-489B-AAE1-084DB709F963}.Debug|x86.Build.0 = Debug|Win32
		{A15F5277-B773-489B-AAE1-084DB709F963}.Release|x64.ActiveCfg = Release|x64
		{A15F5277-B773-489B-AAE1-084DB709F963}.Release|x64.Build.0 = Release|x64
		{A15F5277-B773-489B-AAE1-084DB709F963}.Release|x86.ActiveCfg = Release|Win32
		{A15F5277-B773-489B-AAE1-084DB709F963}.Release|x86.Build.0 = Release|Win32
	EndGlobalSection
	GlobalSection(SolutionProperties) = preSolution
		HideSolutionNode = FALSE
	EndGlobalSection
	GlobalSection(NestedProjects) = preSolution
		{153033F3-CC86-4D45-83F1-CB131C7D66F3} = {A31CD5C9-06FD-492E-9B97-C8DB7E986C95}
		{4C327F59-07CB-4222-952F-EEDD8136AA17} = {A31CD5C9-06FD-492E-9B97-C8DB7E986C95}
		{B2C7D449-C5F5-40D0-90D5-F171597973F9} = {A31CD5C9-06FD-492E-9B97-C8DB7E986C95}
		{D4053736-0FEC-483E-A877-1B12F56255EF} = {A31CD5C9-06FD-492E-9B97-C8DB7E986C95}
		{DACF6D41-AF82-4D6A-A843-B9BCF15A2E32} = {A31CD5C9-06FD-492E-9B97-C8DB7E986C95}
		{56F69BC4-62FF-4BEF-8B60-6E063A5DE5EA} = {A31CD5C9-06FD-492E-9B97-C8DB7E986C95}
		{0CD5417D-0ACB-40D0-A553-E4E2D9890614} = {7B288539-2B2B-4CB4-9425-12D3D31EE58C}
		{BDD78036-D6C5-4399-BBB7-CF83D0239684} = {5FFD6547-9BA1-4C7E-A17B-E6F60B3838F4}
		{A15F5277-B773-489B-AAE1-084DB709F963} = {CAF56B2C-CED4-4096-A3E4-7C9E35F45F84}
	EndGlobalSection
	GlobalSection(ExtensibilityGlobals) = postSolution
		SolutionGuid = {EA16E623-5AEE-46F4-87F6-344D4E4E2AEC}
	EndGlobalSection
EndGlobal
