<?xml version="1.0" encoding="utf-8"?>
<Project ToolsVersion="4.0" xmlns="http://schemas.microsoft.com/developer/msbuild/2003">
  <ItemGroup>
    <Filter Include="소스 파일">
      <UniqueIdentifier>{4FC737F1-C7A5-4376-A066-2A32D752A2FF}</UniqueIdentifier>
      <Extensions>cpp;c;cc;cxx;def;odl;idl;hpj;bat;asm;asmx</Extensions>
    </Filter>
    <Filter Include="헤더 파일">
      <UniqueIdentifier>{93995380-89BD-4b04-88EB-625FBE52EBFB}</UniqueIdentifier>
      <Extensions>h;hh;hpp;hxx;hm;inl;inc;ipp;xsd</Extensions>
    </Filter>
    <Filter Include="리소스 파일">
      <UniqueIdentifier>{67DA6AB6-F800-4c08-8B7A-83BB121AAD01}</UniqueIdentifier>
      <Extensions>rc;ico;cur;bmp;dlg;rc2;rct;bin;rgs;gif;jpg;jpeg;jpe;resx;tiff;tif;png;wav;mfcribbon-ms</Extensions>
    </Filter>
    <Filter Include="소스 파일\00_Bitmap">
      <UniqueIdentifier>{7248da02-4bd9-4a4a-a541-ab303d60f36b}</UniqueIdentifier>
    </Filter>
    <Filter Include="소스 파일\01_Scene">
      <UniqueIdentifier>{308ffbda-c425-4419-9efd-794b7d83a488}</UniqueIdentifier>
    </Filter>
    <Filter Include="소스 파일\02_Manager">
      <UniqueIdentifier>{19410b5c-7763-4ea1-ab92-f733d6a4f401}</UniqueIdentifier>
    </Filter>
    <Filter Include="소스 파일\04_UserInfo">
      <UniqueIdentifier>{cdf10297-bc62-4e65-aae5-52bfb04e27f3}</UniqueIdentifier>
    </Filter>
    <Filter Include="소스 파일\99_FrameWork">
      <UniqueIdentifier>{310e83ad-f8ff-4c23-ad0f-fb2d7dccf65e}</UniqueIdentifier>
    </Filter>
    <Filter Include="소스 파일\05_BackGround">
      <UniqueIdentifier>{9eec2ead-0c63-4c9f-a09f-333b1ce481f4}</UniqueIdentifier>
    </Filter>
    <Filter Include="소스 파일\98_LoginInput">
      <UniqueIdentifier>{79988504-be8a-401b-9ca8-11c2283c4b88}</UniqueIdentifier>
    </Filter>
  </ItemGroup>
  <ItemGroup>
    <ClCompile Include="BitMap.cpp">
      <Filter>소스 파일\00_Bitmap</Filter>
    </ClCompile>
    <ClCompile Include="ResourceManager.cpp">
      <Filter>소스 파일\02_Manager</Filter>
    </ClCompile>
    <ClCompile Include="SceneManager.cpp">
      <Filter>소스 파일\02_Manager</Filter>
    </ClCompile>
    <ClCompile Include="Scene.cpp">
      <Filter>소스 파일\01_Scene</Filter>
    </ClCompile>
    <ClCompile Include="FindHumanClientMain.cpp">
      <Filter>소스 파일\99_FrameWork</Filter>
    </ClCompile>
    <ClCompile Include="Lobby.cpp">
      <Filter>소스 파일\01_Scene</Filter>
    </ClCompile>
    <ClCompile Include="FindHumanClient.cpp">
      <Filter>소스 파일\99_FrameWork</Filter>
    </ClCompile>
    <ClCompile Include="UserInfo.cpp">
      <Filter>소스 파일\04_UserInfo</Filter>
    </ClCompile>
    <ClCompile Include="Player.cpp">
      <Filter>소스 파일\04_UserInfo</Filter>
    </ClCompile>
    <ClCompile Include="Login.cpp">
      <Filter>소스 파일\01_Scene</Filter>
    </ClCompile>
    <ClCompile Include="BackGround.cpp">
      <Filter>소스 파일\05_BackGround</Filter>
    </ClCompile>
    <ClCompile Include="LoginEditText.cpp">
      <Filter>소스 파일\98_LoginInput</Filter>
    </ClCompile>
  </ItemGroup>
  <ItemGroup>
    <ClInclude Include="BitMap.h">
      <Filter>소스 파일\00_Bitmap</Filter>
    </ClInclude>
    <ClInclude Include="Macro.h">
      <Filter>헤더 파일</Filter>
    </ClInclude>
    <ClInclude Include="ResourceManager.h">
      <Filter>소스 파일\02_Manager</Filter>
    </ClInclude>
    <ClInclude Include="SceneManager.h">
      <Filter>소스 파일\02_Manager</Filter>
    </ClInclude>
    <ClInclude Include="Scene.h">
      <Filter>소스 파일\01_Scene</Filter>
    </ClInclude>
    <ClInclude Include="Lobby.h">
      <Filter>소스 파일\01_Scene</Filter>
    </ClInclude>
    <ClInclude Include="FindHumanClient.h">
      <Filter>소스 파일\99_FrameWork</Filter>
    </ClInclude>
    <ClInclude Include="UserInfo.h">
      <Filter>소스 파일\04_UserInfo</Filter>
    </ClInclude>
    <ClInclude Include="player.h">
      <Filter>소스 파일\04_UserInfo</Filter>
    </ClInclude>
    <ClInclude Include="..\..\Common\FIND_HUMAN_PACKET_HEADER.h">
      <Filter>헤더 파일</Filter>
    </ClInclude>
    <ClInclude Include="Login.h">
      <Filter>소스 파일\01_Scene</Filter>
    </ClInclude>
    <ClInclude Include="BackGround.h">
      <Filter>소스 파일\05_BackGround</Filter>
    </ClInclude>
    <ClInclude Include="LoginEditText.h">
      <Filter>소스 파일\98_LoginInput</Filter>
    </ClInclude>
  </ItemGroup>
</Project>